
Microsoft Visual Studio Solution File, Format Version 12.00
# Visual Studio 14
VisualStudioVersion = 14.0.25420.1
MinimumVisualStudioVersion = 10.0.40219.1
Project("{FAE04EC0-301F-11D3-BF4B-00C04F79EFBC}") = "Nebula V1", "Nebula V1\Nebula V1.csproj", "{18405B2B-2669-4BE2-9B19-55681CD5910E}"
EndProject
Global
	GlobalSection(SolutionConfigurationPlatforms) = preSolution
		Debug|Any CPU = Debug|Any CPU
		Release|Any CPU = Release|Any CPU
	EndGlobalSection
	GlobalSection(ProjectConfigurationPlatforms) = postSolution
		{18405B2B-2669-4BE2-9B19-55681CD5910E}.Debug|Any CPU.ActiveCfg = Debug|Any CPU
		{18405B2B-2669-4BE2-9B19-55681CD5910E}.Debug|Any CPU.Build.0 = Debug|Any CPU
		{18405B2B-2669-4BE2-9B19-55681CD5910E}.Release|Any CPU.ActiveCfg = Release|Any CPU
		{18405B2B-2669-4BE2-9B19-55681CD5910E}.Release|Any CPU.Build.0 = Release|Any CPU
	EndGlobalSection
	GlobalSection(SolutionProperties) = preSolution
		HideSolutionNode = FALSE
	EndGlobalSection
EndGlobal
